
Microsoft Visual Studio Solution File, Format Version 11.00
# Visual Studio 2010
Project("{FAE04EC0-301F-11D3-BF4B-00C04F79EFBC}") = "Cossacs", "Assembly-CSharp.csproj", "{1B088B92-6BCE-D401-750B-A4F61349EABB}"
EndProject
Project("{FAE04EC0-301F-11D3-BF4B-00C04F79EFBC}") = "Cossacs", "Assembly-CSharp-Editor.csproj", "{054DD078-B665-4D2B-20A8-4781B1010864}"
EndProject
Global
	GlobalSection(SolutionConfigurationPlatforms) = preSolution
		Debug|Any CPU = Debug|Any CPU
		Release|Any CPU = Release|Any CPU
	EndGlobalSection
	GlobalSection(ProjectConfigurationPlatforms) = postSolution
		{1B088B92-6BCE-D401-750B-A4F61349EABB}.Debug|Any CPU.ActiveCfg = Debug|Any CPU
		{1B088B92-6BCE-D401-750B-A4F61349EABB}.Debug|Any CPU.Build.0 = Debug|Any CPU
		{1B088B92-6BCE-D401-750B-A4F61349EABB}.Release|Any CPU.ActiveCfg = Release|Any CPU
		{1B088B92-6BCE-D401-750B-A4F61349EABB}.Release|Any CPU.Build.0 = Release|Any CPU
		{054DD078-B665-4D2B-20A8-4781B1010864}.Debug|Any CPU.ActiveCfg = Debug|Any CPU
		{054DD078-B665-4D2B-20A8-4781B1010864}.Debug|Any CPU.Build.0 = Debug|Any CPU
		{054DD078-B665-4D2B-20A8-4781B1010864}.Release|Any CPU.ActiveCfg = Release|Any CPU
		{054DD078-B665-4D2B-20A8-4781B1010864}.Release|Any CPU.Build.0 = Release|Any CPU
	EndGlobalSection
	GlobalSection(SolutionProperties) = preSolution
		HideSolutionNode = FALSE
	EndGlobalSection
	GlobalSection(MonoDevelopProperties) = preSolution
		StartupItem = Assembly-CSharp.csproj
	EndGlobalSection
EndGlobal
